// !$*UTF8*$!
{
	archiveVersion = 1;
	classes = {
	};
	objectVersion = 50;
	objects = {

/* Begin PBXBuildFile section */
		80042ED42217346C00365390 /* RBGPerPixelTableViewController.swift in Sources */ = {isa = PBXBuildFile; fileRef = 80042ED32217346C00365390 /* RBGPerPixelTableViewController.swift */; };
		80042ED62217357400365390 /* RGBPerPixelTableViewCell.swift in Sources */ = {isa = PBXBuildFile; fileRef = 80042ED52217357400365390 /* RGBPerPixelTableViewCell.swift */; };
		8018064E222D9A7700B6FB40 /* UIViewControllerUtils.swift in Sources */ = {isa = PBXBuildFile; fileRef = 8018064D222D9A7700B6FB40 /* UIViewControllerUtils.swift */; };
		80180651222DAC0200B6FB40 /* ArithmeticOperationsTableViewController.swift in Sources */ = {isa = PBXBuildFile; fileRef = 80180650222DAC0200B6FB40 /* ArithmeticOperationsTableViewController.swift */; };
		80180653222DF63A00B6FB40 /* FirstImageTableViewCell.swift in Sources */ = {isa = PBXBuildFile; fileRef = 80180652222DF63A00B6FB40 /* FirstImageTableViewCell.swift */; };
		80180655222DF64400B6FB40 /* SecondImageTableViewCell.swift in Sources */ = {isa = PBXBuildFile; fileRef = 80180654222DF64400B6FB40 /* SecondImageTableViewCell.swift */; };
		80180657222DF64B00B6FB40 /* ArithmeticOperationTableViewCell.swift in Sources */ = {isa = PBXBuildFile; fileRef = 80180656222DF64B00B6FB40 /* ArithmeticOperationTableViewCell.swift */; };
		80180659222DF66E00B6FB40 /* RunArithmeticOperationTableViewCell.swift in Sources */ = {isa = PBXBuildFile; fileRef = 80180658222DF66E00B6FB40 /* RunArithmeticOperationTableViewCell.swift */; };
		8018065B222DF68400B6FB40 /* FinalImageTableViewCell.swift in Sources */ = {isa = PBXBuildFile; fileRef = 8018065A222DF68400B6FB40 /* FinalImageTableViewCell.swift */; };
		801C98842215A65F0043E25A /* AppDelegate.swift in Sources */ = {isa = PBXBuildFile; fileRef = 801C98832215A65F0043E25A /* AppDelegate.swift */; };
		801C98862215A65F0043E25A /* ViewController.swift in Sources */ = {isa = PBXBuildFile; fileRef = 801C98852215A65F0043E25A /* ViewController.swift */; };
		801C98892215A65F0043E25A /* Main.storyboard in Resources */ = {isa = PBXBuildFile; fileRef = 801C98872215A65F0043E25A /* Main.storyboard */; };
		801C988B2215A6610043E25A /* Assets.xcassets in Resources */ = {isa = PBXBuildFile; fileRef = 801C988A2215A6610043E25A /* Assets.xcassets */; };
		801C988E2215A6610043E25A /* LaunchScreen.storyboard in Resources */ = {isa = PBXBuildFile; fileRef = 801C988C2215A6610043E25A /* LaunchScreen.storyboard */; };
		801C98972215A69A0043E25A /* opencv2.framework in Frameworks */ = {isa = PBXBuildFile; fileRef = 801C98962215A69A0043E25A /* opencv2.framework */; };
		801C98A02215A7C00043E25A /* Swift-OpenCV-Wrapper.mm in Sources */ = {isa = PBXBuildFile; fileRef = 801C989F2215A7C00043E25A /* Swift-OpenCV-Wrapper.mm */; };
/* End PBXBuildFile section */

/* Begin PBXFileReference section */
		80042ED32217346C00365390 /* RBGPerPixelTableViewController.swift */ = {isa = PBXFileReference; lastKnownFileType = sourcecode.swift; path = RBGPerPixelTableViewController.swift; sourceTree = "<group>"; };
		80042ED52217357400365390 /* RGBPerPixelTableViewCell.swift */ = {isa = PBXFileReference; lastKnownFileType = sourcecode.swift; path = RGBPerPixelTableViewCell.swift; sourceTree = "<group>"; };
		8018064D222D9A7700B6FB40 /* UIViewControllerUtils.swift */ = {isa = PBXFileReference; lastKnownFileType = sourcecode.swift; path = UIViewControllerUtils.swift; sourceTree = "<group>"; };
		80180650222DAC0200B6FB40 /* ArithmeticOperationsTableViewController.swift */ = {isa = PBXFileReference; lastKnownFileType = sourcecode.swift; path = ArithmeticOperationsTableViewController.swift; sourceTree = "<group>"; };
		80180652222DF63A00B6FB40 /* FirstImageTableViewCell.swift */ = {isa = PBXFileReference; lastKnownFileType = sourcecode.swift; path = FirstImageTableViewCell.swift; sourceTree = "<group>"; };
		80180654222DF64400B6FB40 /* SecondImageTableViewCell.swift */ = {isa = PBXFileReference; lastKnownFileType = sourcecode.swift; path = SecondImageTableViewCell.swift; sourceTree = "<group>"; };
		80180656222DF64B00B6FB40 /* ArithmeticOperationTableViewCell.swift */ = {isa = PBXFileReference; lastKnownFileType = sourcecode.swift; path = ArithmeticOperationTableViewCell.swift; sourceTree = "<group>"; };
		80180658222DF66E00B6FB40 /* RunArithmeticOperationTableViewCell.swift */ = {isa = PBXFileReference; lastKnownFileType = sourcecode.swift; path = RunArithmeticOperationTableViewCell.swift; sourceTree = "<group>"; };
		8018065A222DF68400B6FB40 /* FinalImageTableViewCell.swift */ = {isa = PBXFileReference; lastKnownFileType = sourcecode.swift; path = FinalImageTableViewCell.swift; sourceTree = "<group>"; };
		801C98802215A65F0043E25A /* Swift-OpenCV.app */ = {isa = PBXFileReference; explicitFileType = wrapper.application; includeInIndex = 0; path = "Swift-OpenCV.app"; sourceTree = BUILT_PRODUCTS_DIR; };
		801C98832215A65F0043E25A /* AppDelegate.swift */ = {isa = PBXFileReference; lastKnownFileType = sourcecode.swift; path = AppDelegate.swift; sourceTree = "<group>"; };
		801C98852215A65F0043E25A /* ViewController.swift */ = {isa = PBXFileReference; lastKnownFileType = sourcecode.swift; path = ViewController.swift; sourceTree = "<group>"; };
		801C98882215A65F0043E25A /* Base */ = {isa = PBXFileReference; lastKnownFileType = file.storyboard; name = Base; path = Base.lproj/Main.storyboard; sourceTree = "<group>"; };
		801C988A2215A6610043E25A /* Assets.xcassets */ = {isa = PBXFileReference; lastKnownFileType = folder.assetcatalog; path = Assets.xcassets; sourceTree = "<group>"; };
		801C988D2215A6610043E25A /* Base */ = {isa = PBXFileReference; lastKnownFileType = file.storyboard; name = Base; path = Base.lproj/LaunchScreen.storyboard; sourceTree = "<group>"; };
		801C988F2215A6610043E25A /* Info.plist */ = {isa = PBXFileReference; lastKnownFileType = text.plist.xml; path = Info.plist; sourceTree = "<group>"; };
		801C98962215A69A0043E25A /* opencv2.framework */ = {isa = PBXFileReference; lastKnownFileType = wrapper.framework; name = opencv2.framework; path = ../../../../Downloads/opencv2.framework; sourceTree = "<group>"; };
		801C989F2215A7C00043E25A /* Swift-OpenCV-Wrapper.mm */ = {isa = PBXFileReference; lastKnownFileType = sourcecode.cpp.objcpp; path = "Swift-OpenCV-Wrapper.mm"; sourceTree = "<group>"; };
		801C98A12215A7C90043E25A /* Swift-OpenCV-Wrapper.h */ = {isa = PBXFileReference; lastKnownFileType = sourcecode.c.h; path = "Swift-OpenCV-Wrapper.h"; sourceTree = "<group>"; };
		801C98A22215A7E20043E25A /* Swift-OpenCV-Bridging-Header.h */ = {isa = PBXFileReference; lastKnownFileType = sourcecode.c.h; path = "Swift-OpenCV-Bridging-Header.h"; sourceTree = "<group>"; };
		801C98A32215A8EC0043E25A /* opencv2.framework */ = {isa = PBXFileReference; lastKnownFileType = wrapper.framework; path = opencv2.framework; sourceTree = "<group>"; };
/* End PBXFileReference section */

/* Begin PBXFrameworksBuildPhase section */
		801C987D2215A65F0043E25A /* Frameworks */ = {
			isa = PBXFrameworksBuildPhase;
			buildActionMask = 2147483647;
			files = (
				801C98972215A69A0043E25A /* opencv2.framework in Frameworks */,
			);
			runOnlyForDeploymentPostprocessing = 0;
		};
/* End PBXFrameworksBuildPhase section */

/* Begin PBXGroup section */
		80042ED72217362800365390 /* RGB per Pixel */ = {
			isa = PBXGroup;
			children = (
				80042ED32217346C00365390 /* RBGPerPixelTableViewController.swift */,
				80042ED52217357400365390 /* RGBPerPixelTableViewCell.swift */,
			);
			path = "RGB per Pixel";
			sourceTree = "<group>";
		};
		80042ED82217364600365390 /* Main */ = {
			isa = PBXGroup;
			children = (
				80042ED72217362800365390 /* RGB per Pixel */,
				8018064F222DABCA00B6FB40 /* Arithmetic Operations */,
				801C98852215A65F0043E25A /* ViewController.swift */,
			);
			path = Main;
			sourceTree = "<group>";
		};
		8018064C222D9A5000B6FB40 /* Utils */ = {
			isa = PBXGroup;
			children = (
				8018064D222D9A7700B6FB40 /* UIViewControllerUtils.swift */,
			);
			path = Utils;
			sourceTree = "<group>";
		};
		8018064F222DABCA00B6FB40 /* Arithmetic Operations */ = {
			isa = PBXGroup;
			children = (
				8018065C222DF68F00B6FB40 /* TableViewCells */,
				80180650222DAC0200B6FB40 /* ArithmeticOperationsTableViewController.swift */,
			);
			path = "Arithmetic Operations";
			sourceTree = "<group>";
		};
		8018065C222DF68F00B6FB40 /* TableViewCells */ = {
			isa = PBXGroup;
			children = (
				80180652222DF63A00B6FB40 /* FirstImageTableViewCell.swift */,
				80180656222DF64B00B6FB40 /* ArithmeticOperationTableViewCell.swift */,
				80180654222DF64400B6FB40 /* SecondImageTableViewCell.swift */,
				80180658222DF66E00B6FB40 /* RunArithmeticOperationTableViewCell.swift */,
				8018065A222DF68400B6FB40 /* FinalImageTableViewCell.swift */,
			);
			path = TableViewCells;
			sourceTree = "<group>";
		};
		801C98772215A65F0043E25A = {
			isa = PBXGroup;
			children = (
				801C98822215A65F0043E25A /* Swift-OpenCV */,
				801C98812215A65F0043E25A /* Products */,
				801C98952215A69A0043E25A /* Frameworks */,
			);
			sourceTree = "<group>";
		};
		801C98812215A65F0043E25A /* Products */ = {
			isa = PBXGroup;
			children = (
				801C98802215A65F0043E25A /* Swift-OpenCV.app */,
			);
			name = Products;
			sourceTree = "<group>";
		};
		801C98822215A65F0043E25A /* Swift-OpenCV */ = {
			isa = PBXGroup;
			children = (
				801C98A22215A7E20043E25A /* Swift-OpenCV-Bridging-Header.h */,
				801C98A52215D3AB0043E25A /* OpenCV */,
				8018064C222D9A5000B6FB40 /* Utils */,
				80042ED82217364600365390 /* Main */,
				801C98872215A65F0043E25A /* Main.storyboard */,
				801C98832215A65F0043E25A /* AppDelegate.swift */,
				801C988A2215A6610043E25A /* Assets.xcassets */,
				801C988C2215A6610043E25A /* LaunchScreen.storyboard */,
				801C988F2215A6610043E25A /* Info.plist */,
				801C98A32215A8EC0043E25A /* opencv2.framework */,
			);
			path = "Swift-OpenCV";
			sourceTree = "<group>";
		};
		801C98952215A69A0043E25A /* Frameworks */ = {
			isa = PBXGroup;
			children = (
				801C98962215A69A0043E25A /* opencv2.framework */,
			);
			name = Frameworks;
			sourceTree = "<group>";
		};
		801C98A52215D3AB0043E25A /* OpenCV */ = {
			isa = PBXGroup;
			children = (
				801C989F2215A7C00043E25A /* Swift-OpenCV-Wrapper.mm */,
				801C98A12215A7C90043E25A /* Swift-OpenCV-Wrapper.h */,
			);
			path = OpenCV;
			sourceTree = "<group>";
		};
/* End PBXGroup section */

/* Begin PBXNativeTarget section */
		801C987F2215A65F0043E25A /* Swift-OpenCV */ = {
			isa = PBXNativeTarget;
			buildConfigurationList = 801C98922215A6610043E25A /* Build configuration list for PBXNativeTarget "Swift-OpenCV" */;
			buildPhases = (
				801C987C2215A65F0043E25A /* Sources */,
				801C987D2215A65F0043E25A /* Frameworks */,
				801C987E2215A65F0043E25A /* Resources */,
			);
			buildRules = (
			);
			dependencies = (
			);
			name = "Swift-OpenCV";
			productName = "Swift-OpenCV";
			productReference = 801C98802215A65F0043E25A /* Swift-OpenCV.app */;
			productType = "com.apple.product-type.application";
		};
/* End PBXNativeTarget section */

/* Begin PBXProject section */
		801C98782215A65F0043E25A /* Project object */ = {
			isa = PBXProject;
			attributes = {
				LastSwiftUpdateCheck = 1010;
				LastUpgradeCheck = 1010;
				ORGANIZATIONNAME = "Matheus Pedrosa";
				TargetAttributes = {
					801C987F2215A65F0043E25A = {
						CreatedOnToolsVersion = 10.1;
						LastSwiftMigration = 1010;
					};
				};
			};
			buildConfigurationList = 801C987B2215A65F0043E25A /* Build configuration list for PBXProject "Swift-OpenCV" */;
			compatibilityVersion = "Xcode 9.3";
			developmentRegion = en;
			hasScannedForEncodings = 0;
			knownRegions = (
				en,
				Base,
			);
			mainGroup = 801C98772215A65F0043E25A;
			productRefGroup = 801C98812215A65F0043E25A /* Products */;
			projectDirPath = "";
			projectRoot = "";
			targets = (
				801C987F2215A65F0043E25A /* Swift-OpenCV */,
			);
		};
/* End PBXProject section */

/* Begin PBXResourcesBuildPhase section */
		801C987E2215A65F0043E25A /* Resources */ = {
			isa = PBXResourcesBuildPhase;
			buildActionMask = 2147483647;
			files = (
				801C988E2215A6610043E25A /* LaunchScreen.storyboard in Resources */,
				801C988B2215A6610043E25A /* Assets.xcassets in Resources */,
				801C98892215A65F0043E25A /* Main.storyboard in Resources */,
			);
			runOnlyForDeploymentPostprocessing = 0;
		};
/* End PBXResourcesBuildPhase section */

/* Begin PBXSourcesBuildPhase section */
		801C987C2215A65F0043E25A /* Sources */ = {
			isa = PBXSourcesBuildPhase;
			buildActionMask = 2147483647;
			files = (
				8018064E222D9A7700B6FB40 /* UIViewControllerUtils.swift in Sources */,
				80180659222DF66E00B6FB40 /* RunArithmeticOperationTableViewCell.swift in Sources */,
				80042ED62217357400365390 /* RGBPerPixelTableViewCell.swift in Sources */,
				801C98862215A65F0043E25A /* ViewController.swift in Sources */,
				8018065B222DF68400B6FB40 /* FinalImageTableViewCell.swift in Sources */,
				801C98842215A65F0043E25A /* AppDelegate.swift in Sources */,
				80180651222DAC0200B6FB40 /* ArithmeticOperationsTableViewController.swift in Sources */,
				80180655222DF64400B6FB40 /* SecondImageTableViewCell.swift in Sources */,
				80042ED42217346C00365390 /* RBGPerPixelTableViewController.swift in Sources */,
				80180657222DF64B00B6FB40 /* ArithmeticOperationTableViewCell.swift in Sources */,
				80180653222DF63A00B6FB40 /* FirstImageTableViewCell.swift in Sources */,
				801C98A02215A7C00043E25A /* Swift-OpenCV-Wrapper.mm in Sources */,
			);
			runOnlyForDeploymentPostprocessing = 0;
		};
/* End PBXSourcesBuildPhase section */

/* Begin PBXVariantGroup section */
		801C98872215A65F0043E25A /* Main.storyboard */ = {
			isa = PBXVariantGroup;
			children = (
				801C98882215A65F0043E25A /* Base */,
			);
			name = Main.storyboard;
			sourceTree = "<group>";
		};
		801C988C2215A6610043E25A /* LaunchScreen.storyboard */ = {
			isa = PBXVariantGroup;
			children = (
				801C988D2215A6610043E25A /* Base */,
			);
			name = LaunchScreen.storyboard;
			sourceTree = "<group>";
		};
/* End PBXVariantGroup section */

/* Begin XCBuildConfiguration section */
		801C98902215A6610043E25A /* Debug */ = {
			isa = XCBuildConfiguration;
			buildSettings = {
				ALWAYS_SEARCH_USER_PATHS = NO;
				CLANG_ANALYZER_NONNULL = YES;
				CLANG_ANALYZER_NUMBER_OBJECT_CONVERSION = YES_AGGRESSIVE;
				CLANG_CXX_LANGUAGE_STANDARD = "gnu++14";
				CLANG_CXX_LIBRARY = "libc++";
				CLANG_ENABLE_MODULES = YES;
				CLANG_ENABLE_OBJC_ARC = YES;
				CLANG_ENABLE_OBJC_WEAK = YES;
				CLANG_WARN_BLOCK_CAPTURE_AUTORELEASING = YES;
				CLANG_WARN_BOOL_CONVERSION = YES;
				CLANG_WARN_COMMA = YES;
				CLANG_WARN_CONSTANT_CONVERSION = YES;
				CLANG_WARN_DEPRECATED_OBJC_IMPLEMENTATIONS = YES;
				CLANG_WARN_DIRECT_OBJC_ISA_USAGE = YES_ERROR;
				CLANG_WARN_DOCUMENTATION_COMMENTS = YES;
				CLANG_WARN_EMPTY_BODY = YES;
				CLANG_WARN_ENUM_CONVERSION = YES;
				CLANG_WARN_INFINITE_RECURSION = YES;
				CLANG_WARN_INT_CONVERSION = YES;
				CLANG_WARN_NON_LITERAL_NULL_CONVERSION = YES;
				CLANG_WARN_OBJC_IMPLICIT_RETAIN_SELF = YES;
				CLANG_WARN_OBJC_LITERAL_CONVERSION = YES;
				CLANG_WARN_OBJC_ROOT_CLASS = YES_ERROR;
				CLANG_WARN_RANGE_LOOP_ANALYSIS = YES;
				CLANG_WARN_STRICT_PROTOTYPES = YES;
				CLANG_WARN_SUSPICIOUS_MOVE = YES;
				CLANG_WARN_UNGUARDED_AVAILABILITY = YES_AGGRESSIVE;
				CLANG_WARN_UNREACHABLE_CODE = YES;
				CLANG_WARN__DUPLICATE_METHOD_MATCH = YES;
				CODE_SIGN_IDENTITY = "iPhone Developer";
				COPY_PHASE_STRIP = NO;
				DEBUG_INFORMATION_FORMAT = dwarf;
				ENABLE_STRICT_OBJC_MSGSEND = YES;
				ENABLE_TESTABILITY = YES;
				GCC_C_LANGUAGE_STANDARD = gnu11;
				GCC_DYNAMIC_NO_PIC = NO;
				GCC_NO_COMMON_BLOCKS = YES;
				GCC_OPTIMIZATION_LEVEL = 0;
				GCC_PREPROCESSOR_DEFINITIONS = (
					"DEBUG=1",
					"$(inherited)",
				);
				GCC_WARN_64_TO_32_BIT_CONVERSION = YES;
				GCC_WARN_ABOUT_RETURN_TYPE = YES_ERROR;
				GCC_WARN_UNDECLARED_SELECTOR = YES;
				GCC_WARN_UNINITIALIZED_AUTOS = YES_AGGRESSIVE;
				GCC_WARN_UNUSED_FUNCTION = YES;
				GCC_WARN_UNUSED_VARIABLE = YES;
				IPHONEOS_DEPLOYMENT_TARGET = 12.1;
				MTL_ENABLE_DEBUG_INFO = INCLUDE_SOURCE;
				MTL_FAST_MATH = YES;
				ONLY_ACTIVE_ARCH = YES;
				SDKROOT = iphoneos;
				SWIFT_ACTIVE_COMPILATION_CONDITIONS = DEBUG;
				SWIFT_OPTIMIZATION_LEVEL = "-Onone";
			};
			name = Debug;
		};
		801C98912215A6610043E25A /* Release */ = {
			isa = XCBuildConfiguration;
			buildSettings = {
				ALWAYS_SEARCH_USER_PATHS = NO;
				CLANG_ANALYZER_NONNULL = YES;
				CLANG_ANALYZER_NUMBER_OBJECT_CONVERSION = YES_AGGRESSIVE;
				CLANG_CXX_LANGUAGE_STANDARD = "gnu++14";
				CLANG_CXX_LIBRARY = "libc++";
				CLANG_ENABLE_MODULES = YES;
				CLANG_ENABLE_OBJC_ARC = YES;
				CLANG_ENABLE_OBJC_WEAK = YES;
				CLANG_WARN_BLOCK_CAPTURE_AUTORELEASING = YES;
				CLANG_WARN_BOOL_CONVERSION = YES;
				CLANG_WARN_COMMA = YES;
				CLANG_WARN_CONSTANT_CONVERSION = YES;
				CLANG_WARN_DEPRECATED_OBJC_IMPLEMENTATIONS = YES;
				CLANG_WARN_DIRECT_OBJC_ISA_USAGE = YES_ERROR;
				CLANG_WARN_DOCUMENTATION_COMMENTS = YES;
				CLANG_WARN_EMPTY_BODY = YES;
				CLANG_WARN_ENUM_CONVERSION = YES;
				CLANG_WARN_INFINITE_RECURSION = YES;
				CLANG_WARN_INT_CONVERSION = YES;
				CLANG_WARN_NON_LITERAL_NULL_CONVERSION = YES;
				CLANG_WARN_OBJC_IMPLICIT_RETAIN_SELF = YES;
				CLANG_WARN_OBJC_LITERAL_CONVERSION = YES;
				CLANG_WARN_OBJC_ROOT_CLASS = YES_ERROR;
				CLANG_WARN_RANGE_LOOP_ANALYSIS = YES;
				CLANG_WARN_STRICT_PROTOTYPES = YES;
				CLANG_WARN_SUSPICIOUS_MOVE = YES;
				CLANG_WARN_UNGUARDED_AVAILABILITY = YES_AGGRESSIVE;
				CLANG_WARN_UNREACHABLE_CODE = YES;
				CLANG_WARN__DUPLICATE_METHOD_MATCH = YES;
				CODE_SIGN_IDENTITY = "iPhone Developer";
				COPY_PHASE_STRIP = NO;
				DEBUG_INFORMATION_FORMAT = "dwarf-with-dsym";
				ENABLE_NS_ASSERTIONS = NO;
				ENABLE_STRICT_OBJC_MSGSEND = YES;
				GCC_C_LANGUAGE_STANDARD = gnu11;
				GCC_NO_COMMON_BLOCKS = YES;
				GCC_WARN_64_TO_32_BIT_CONVERSION = YES;
				GCC_WARN_ABOUT_RETURN_TYPE = YES_ERROR;
				GCC_WARN_UNDECLARED_SELECTOR = YES;
				GCC_WARN_UNINITIALIZED_AUTOS = YES_AGGRESSIVE;
				GCC_WARN_UNUSED_FUNCTION = YES;
				GCC_WARN_UNUSED_VARIABLE = YES;
				IPHONEOS_DEPLOYMENT_TARGET = 12.1;
				MTL_ENABLE_DEBUG_INFO = NO;
				MTL_FAST_MATH = YES;
				SDKROOT = iphoneos;
				SWIFT_COMPILATION_MODE = wholemodule;
				SWIFT_OPTIMIZATION_LEVEL = "-O";
				VALIDATE_PRODUCT = YES;
			};
			name = Release;
		};
		801C98932215A6610043E25A /* Debug */ = {
			isa = XCBuildConfiguration;
			buildSettings = {
				ASSETCATALOG_COMPILER_APPICON_NAME = AppIcon;
				CLANG_ENABLE_MODULES = YES;
				CODE_SIGN_STYLE = Automatic;
				DEVELOPMENT_TEAM = R95CT9ATA8;
				FRAMEWORK_SEARCH_PATHS = (
					"$(inherited)",
					"$(PROJECT_DIR)/Swift-OpenCV",
				);
				INFOPLIST_FILE = "Swift-OpenCV/Info.plist";
				LD_RUNPATH_SEARCH_PATHS = (
					"$(inherited)",
					"@executable_path/Frameworks",
				);
				PRODUCT_BUNDLE_IDENTIFIER = "m2p.Swift-OpenCV";
				PRODUCT_NAME = "$(TARGET_NAME)";
				SWIFT_OBJC_BRIDGING_HEADER = "Swift-OpenCV/Swift-OpenCV-Bridging-Header.h";
				SWIFT_OPTIMIZATION_LEVEL = "-Onone";
				SWIFT_VERSION = 4.2;
				TARGETED_DEVICE_FAMILY = "1,2";
			};
			name = Debug;
		};
		801C98942215A6610043E25A /* Release */ = {
			isa = XCBuildConfiguration;
			buildSettings = {
				ASSETCATALOG_COMPILER_APPICON_NAME = AppIcon;
				CLANG_ENABLE_MODULES = YES;
				CODE_SIGN_STYLE = Automatic;
				DEVELOPMENT_TEAM = R95CT9ATA8;
				FRAMEWORK_SEARCH_PATHS = (
					"$(inherited)",
					"$(PROJECT_DIR)/Swift-OpenCV",
				);
				INFOPLIST_FILE = "Swift-OpenCV/Info.plist";
				LD_RUNPATH_SEARCH_PATHS = (
					"$(inherited)",
					"@executable_path/Frameworks",
				);
				PRODUCT_BUNDLE_IDENTIFIER = "m2p.Swift-OpenCV";
				PRODUCT_NAME = "$(TARGET_NAME)";
				SWIFT_OBJC_BRIDGING_HEADER = "Swift-OpenCV/Swift-OpenCV-Bridging-Header.h";
				SWIFT_VERSION = 4.2;
				TARGETED_DEVICE_FAMILY = "1,2";
			};
			name = Release;
		};
/* End XCBuildConfiguration section */

/* Begin XCConfigurationList section */
		801C987B2215A65F0043E25A /* Build configuration list for PBXProject "Swift-OpenCV" */ = {
			isa = XCConfigurationList;
			buildConfigurations = (
				801C98902215A6610043E25A /* Debug */,
				801C98912215A6610043E25A /* Release */,
			);
			defaultConfigurationIsVisible = 0;
			defaultConfigurationName = Release;
		};
		801C98922215A6610043E25A /* Build configuration list for PBXNativeTarget "Swift-OpenCV" */ = {
			isa = XCConfigurationList;
			buildConfigurations = (
				801C98932215A6610043E25A /* Debug */,
				801C98942215A6610043E25A /* Release */,
			);
			defaultConfigurationIsVisible = 0;
			defaultConfigurationName = Release;
		};
/* End XCConfigurationList section */
	};
	rootObject = 801C98782215A65F0043E25A /* Project object */;
}
